// !$*UTF8*$!
{
	archiveVersion = 1;
	classes = {
	};
	objectVersion = 50;
	objects = {

/* Begin PBXBuildFile section */
		3FC6CDF4224CA65100D91E2F /* AppDelegate.swift in Sources */ = {isa = PBXBuildFile; fileRef = 3FC6CDF3224CA65100D91E2F /* AppDelegate.swift */; };
		3FC6CDF6224CA65100D91E2F /* ViewController.swift in Sources */ = {isa = PBXBuildFile; fileRef = 3FC6CDF5224CA65100D91E2F /* ViewController.swift */; };
		3FC6CDF9224CA65100D91E2F /* Main.storyboard in Resources */ = {isa = PBXBuildFile; fileRef = 3FC6CDF7224CA65100D91E2F /* Main.storyboard */; };
		3FC6CDFB224CA65200D91E2F /* Assets.xcassets in Resources */ = {isa = PBXBuildFile; fileRef = 3FC6CDFA224CA65200D91E2F /* Assets.xcassets */; };
		3FC6CDFE224CA65200D91E2F /* LaunchScreen.storyboard in Resources */ = {isa = PBXBuildFile; fileRef = 3FC6CDFC224CA65200D91E2F /* LaunchScreen.storyboard */; };
		3FC6CE09224CA65200D91E2F /* FinalProject201Tests.swift in Sources */ = {isa = PBXBuildFile; fileRef = 3FC6CE08224CA65200D91E2F /* FinalProject201Tests.swift */; };
		3FC6CE14224CA65200D91E2F /* FinalProject201UITests.swift in Sources */ = {isa = PBXBuildFile; fileRef = 3FC6CE13224CA65200D91E2F /* FinalProject201UITests.swift */; };
		3FC6CE22224DABAE00D91E2F /* DestinationViewController.swift in Sources */ = {isa = PBXBuildFile; fileRef = 3FC6CE21224DABAE00D91E2F /* DestinationViewController.swift */; };
		3FC6CE24224EF25E00D91E2F /* BudgetViewController.swift in Sources */ = {isa = PBXBuildFile; fileRef = 3FC6CE23224EF25E00D91E2F /* BudgetViewController.swift */; };
		3FC6CE25224EF25E00D91E2F /* BudgetViewController.swift in Sources */ = {isa = PBXBuildFile; fileRef = 3FC6CE23224EF25E00D91E2F /* BudgetViewController.swift */; };
		3FC6CE26224EF25E00D91E2F /* BudgetViewController.swift in Sources */ = {isa = PBXBuildFile; fileRef = 3FC6CE23224EF25E00D91E2F /* BudgetViewController.swift */; };
		3FC6CE28224EF28400D91E2F /* ActivitiesViewController.swift in Sources */ = {isa = PBXBuildFile; fileRef = 3FC6CE27224EF28400D91E2F /* ActivitiesViewController.swift */; };
		3FC6CE29224EF28400D91E2F /* ActivitiesViewController.swift in Sources */ = {isa = PBXBuildFile; fileRef = 3FC6CE27224EF28400D91E2F /* ActivitiesViewController.swift */; };
		3FC6CE2A224EF28400D91E2F /* ActivitiesViewController.swift in Sources */ = {isa = PBXBuildFile; fileRef = 3FC6CE27224EF28400D91E2F /* ActivitiesViewController.swift */; };
		3FC6CE2C224EF29600D91E2F /* DateViewController.swift in Sources */ = {isa = PBXBuildFile; fileRef = 3FC6CE2B224EF29600D91E2F /* DateViewController.swift */; };
		3FC6CE2D224EF29600D91E2F /* DateViewController.swift in Sources */ = {isa = PBXBuildFile; fileRef = 3FC6CE2B224EF29600D91E2F /* DateViewController.swift */; };
		3FC6CE2E224EF29600D91E2F /* DateViewController.swift in Sources */ = {isa = PBXBuildFile; fileRef = 3FC6CE2B224EF29600D91E2F /* DateViewController.swift */; };
		3FC6CE30224EF2B700D91E2F /* InviteFriendsTableViewController.swift in Sources */ = {isa = PBXBuildFile; fileRef = 3FC6CE2F224EF2B700D91E2F /* InviteFriendsTableViewController.swift */; };
		3FC6CE31224EF2B700D91E2F /* InviteFriendsTableViewController.swift in Sources */ = {isa = PBXBuildFile; fileRef = 3FC6CE2F224EF2B700D91E2F /* InviteFriendsTableViewController.swift */; };
		3FC6CE32224EF2B700D91E2F /* InviteFriendsTableViewController.swift in Sources */ = {isa = PBXBuildFile; fileRef = 3FC6CE2F224EF2B700D91E2F /* InviteFriendsTableViewController.swift */; };
		3FC6CE34224EF2D400D91E2F /* ChooseTripTableViewController.swift in Sources */ = {isa = PBXBuildFile; fileRef = 3FC6CE33224EF2D400D91E2F /* ChooseTripTableViewController.swift */; };
		3FC6CE35224EF2D400D91E2F /* ChooseTripTableViewController.swift in Sources */ = {isa = PBXBuildFile; fileRef = 3FC6CE33224EF2D400D91E2F /* ChooseTripTableViewController.swift */; };
		3FC6CE36224EF2D400D91E2F /* ChooseTripTableViewController.swift in Sources */ = {isa = PBXBuildFile; fileRef = 3FC6CE33224EF2D400D91E2F /* ChooseTripTableViewController.swift */; };
		3FC6CE3F224F239200D91E2F /* TripPreferences.swift in Sources */ = {isa = PBXBuildFile; fileRef = 3FC6CE3E224F239200D91E2F /* TripPreferences.swift */; };
		3FC6CE40224F239200D91E2F /* TripPreferences.swift in Sources */ = {isa = PBXBuildFile; fileRef = 3FC6CE3E224F239200D91E2F /* TripPreferences.swift */; };
/* End PBXBuildFile section */

/* Begin PBXContainerItemProxy section */
		3FC6CE05224CA65200D91E2F /* PBXContainerItemProxy */ = {
			isa = PBXContainerItemProxy;
			containerPortal = 3FC6CDE8224CA65100D91E2F /* Project object */;
			proxyType = 1;
			remoteGlobalIDString = 3FC6CDEF224CA65100D91E2F;
			remoteInfo = FinalProject201;
		};
		3FC6CE10224CA65200D91E2F /* PBXContainerItemProxy */ = {
			isa = PBXContainerItemProxy;
			containerPortal = 3FC6CDE8224CA65100D91E2F /* Project object */;
			proxyType = 1;
			remoteGlobalIDString = 3FC6CDEF224CA65100D91E2F;
			remoteInfo = FinalProject201;
		};
/* End PBXContainerItemProxy section */

/* Begin PBXFileReference section */
		3FC6CDF0224CA65100D91E2F /* FinalProject201.app */ = {isa = PBXFileReference; explicitFileType = wrapper.application; includeInIndex = 0; path = FinalProject201.app; sourceTree = BUILT_PRODUCTS_DIR; };
		3FC6CDF3224CA65100D91E2F /* AppDelegate.swift */ = {isa = PBXFileReference; lastKnownFileType = sourcecode.swift; path = AppDelegate.swift; sourceTree = "<group>"; };
		3FC6CDF5224CA65100D91E2F /* ViewController.swift */ = {isa = PBXFileReference; lastKnownFileType = sourcecode.swift; path = ViewController.swift; sourceTree = "<group>"; };
		3FC6CDF8224CA65100D91E2F /* Base */ = {isa = PBXFileReference; lastKnownFileType = file.storyboard; name = Base; path = Base.lproj/Main.storyboard; sourceTree = "<group>"; };
		3FC6CDFA224CA65200D91E2F /* Assets.xcassets */ = {isa = PBXFileReference; lastKnownFileType = folder.assetcatalog; path = Assets.xcassets; sourceTree = "<group>"; };
		3FC6CDFD224CA65200D91E2F /* Base */ = {isa = PBXFileReference; lastKnownFileType = file.storyboard; name = Base; path = Base.lproj/LaunchScreen.storyboard; sourceTree = "<group>"; };
		3FC6CDFF224CA65200D91E2F /* Info.plist */ = {isa = PBXFileReference; lastKnownFileType = text.plist.xml; path = Info.plist; sourceTree = "<group>"; };
		3FC6CE04224CA65200D91E2F /* FinalProject201Tests.xctest */ = {isa = PBXFileReference; explicitFileType = wrapper.cfbundle; includeInIndex = 0; path = FinalProject201Tests.xctest; sourceTree = BUILT_PRODUCTS_DIR; };
		3FC6CE08224CA65200D91E2F /* FinalProject201Tests.swift */ = {isa = PBXFileReference; lastKnownFileType = sourcecode.swift; path = FinalProject201Tests.swift; sourceTree = "<group>"; };
		3FC6CE0A224CA65200D91E2F /* Info.plist */ = {isa = PBXFileReference; lastKnownFileType = text.plist.xml; path = Info.plist; sourceTree = "<group>"; };
		3FC6CE0F224CA65200D91E2F /* FinalProject201UITests.xctest */ = {isa = PBXFileReference; explicitFileType = wrapper.cfbundle; includeInIndex = 0; path = FinalProject201UITests.xctest; sourceTree = BUILT_PRODUCTS_DIR; };
		3FC6CE13224CA65200D91E2F /* FinalProject201UITests.swift */ = {isa = PBXFileReference; lastKnownFileType = sourcecode.swift; path = FinalProject201UITests.swift; sourceTree = "<group>"; };
		3FC6CE15224CA65200D91E2F /* Info.plist */ = {isa = PBXFileReference; lastKnownFileType = text.plist.xml; path = Info.plist; sourceTree = "<group>"; };
		3FC6CE21224DABAE00D91E2F /* DestinationViewController.swift */ = {isa = PBXFileReference; lastKnownFileType = sourcecode.swift; path = DestinationViewController.swift; sourceTree = "<group>"; };
		3FC6CE23224EF25E00D91E2F /* BudgetViewController.swift */ = {isa = PBXFileReference; lastKnownFileType = sourcecode.swift; path = BudgetViewController.swift; sourceTree = "<group>"; };
		3FC6CE27224EF28400D91E2F /* ActivitiesViewController.swift */ = {isa = PBXFileReference; lastKnownFileType = sourcecode.swift; path = ActivitiesViewController.swift; sourceTree = "<group>"; };
		3FC6CE2B224EF29600D91E2F /* DateViewController.swift */ = {isa = PBXFileReference; lastKnownFileType = sourcecode.swift; path = DateViewController.swift; sourceTree = "<group>"; };
		3FC6CE2F224EF2B700D91E2F /* InviteFriendsTableViewController.swift */ = {isa = PBXFileReference; lastKnownFileType = sourcecode.swift; path = InviteFriendsTableViewController.swift; sourceTree = "<group>"; };
		3FC6CE33224EF2D400D91E2F /* ChooseTripTableViewController.swift */ = {isa = PBXFileReference; lastKnownFileType = sourcecode.swift; path = ChooseTripTableViewController.swift; sourceTree = "<group>"; };
		3FC6CE3E224F239200D91E2F /* TripPreferences.swift */ = {isa = PBXFileReference; lastKnownFileType = sourcecode.swift; path = TripPreferences.swift; sourceTree = "<group>"; };
/* End PBXFileReference section */

/* Begin PBXFrameworksBuildPhase section */
		3FC6CDED224CA65100D91E2F /* Frameworks */ = {
			isa = PBXFrameworksBuildPhase;
			buildActionMask = 2147483647;
			files = (
			);
			runOnlyForDeploymentPostprocessing = 0;
		};
		3FC6CE01224CA65200D91E2F /* Frameworks */ = {
			isa = PBXFrameworksBuildPhase;
			buildActionMask = 2147483647;
			files = (
			);
			runOnlyForDeploymentPostprocessing = 0;
		};
		3FC6CE0C224CA65200D91E2F /* Frameworks */ = {
			isa = PBXFrameworksBuildPhase;
			buildActionMask = 2147483647;
			files = (
			);
			runOnlyForDeploymentPostprocessing = 0;
		};
/* End PBXFrameworksBuildPhase section */

/* Begin PBXGroup section */
		3FC6CDE7224CA65100D91E2F = {
			isa = PBXGroup;
			children = (
				3FC6CDF2224CA65100D91E2F /* FinalProject201 */,
				3FC6CE07224CA65200D91E2F /* FinalProject201Tests */,
				3FC6CE12224CA65200D91E2F /* FinalProject201UITests */,
				3FC6CDF1224CA65100D91E2F /* Products */,
			);
			sourceTree = "<group>";
		};
		3FC6CDF1224CA65100D91E2F /* Products */ = {
			isa = PBXGroup;
			children = (
				3FC6CDF0224CA65100D91E2F /* FinalProject201.app */,
				3FC6CE04224CA65200D91E2F /* FinalProject201Tests.xctest */,
				3FC6CE0F224CA65200D91E2F /* FinalProject201UITests.xctest */,
			);
			name = Products;
			sourceTree = "<group>";
		};
		3FC6CDF2224CA65100D91E2F /* FinalProject201 */ = {
			isa = PBXGroup;
			children = (
				3FC6CDF3224CA65100D91E2F /* AppDelegate.swift */,
				3FC6CDF5224CA65100D91E2F /* ViewController.swift */,
				3FC6CDF7224CA65100D91E2F /* Main.storyboard */,
				3FC6CE2F224EF2B700D91E2F /* InviteFriendsTableViewController.swift */,
				3FC6CE27224EF28400D91E2F /* ActivitiesViewController.swift */,
				3FC6CDFA224CA65200D91E2F /* Assets.xcassets */,
				3FC6CDFC224CA65200D91E2F /* LaunchScreen.storyboard */,
				3FC6CDFF224CA65200D91E2F /* Info.plist */,
				3FC6CE21224DABAE00D91E2F /* DestinationViewController.swift */,
				3FC6CE23224EF25E00D91E2F /* BudgetViewController.swift */,
				3FC6CE2B224EF29600D91E2F /* DateViewController.swift */,
				3FC6CE33224EF2D400D91E2F /* ChooseTripTableViewController.swift */,
				3FC6CE3E224F239200D91E2F /* TripPreferences.swift */,
			);
			path = FinalProject201;
			sourceTree = "<group>";
		};
		3FC6CE07224CA65200D91E2F /* FinalProject201Tests */ = {
			isa = PBXGroup;
			children = (
				3FC6CE08224CA65200D91E2F /* FinalProject201Tests.swift */,
				3FC6CE0A224CA65200D91E2F /* Info.plist */,
			);
			path = FinalProject201Tests;
			sourceTree = "<group>";
		};
		3FC6CE12224CA65200D91E2F /* FinalProject201UITests */ = {
			isa = PBXGroup;
			children = (
				3FC6CE13224CA65200D91E2F /* FinalProject201UITests.swift */,
				3FC6CE15224CA65200D91E2F /* Info.plist */,
			);
			path = FinalProject201UITests;
			sourceTree = "<group>";
		};
/* End PBXGroup section */

/* Begin PBXNativeTarget section */
		3FC6CDEF224CA65100D91E2F /* FinalProject201 */ = {
			isa = PBXNativeTarget;
			buildConfigurationList = 3FC6CE18224CA65200D91E2F /* Build configuration list for PBXNativeTarget "FinalProject201" */;
			buildPhases = (
				3FC6CDEC224CA65100D91E2F /* Sources */,
				3FC6CDED224CA65100D91E2F /* Frameworks */,
				3FC6CDEE224CA65100D91E2F /* Resources */,
			);
			buildRules = (
			);
			dependencies = (
			);
			name = FinalProject201;
			productName = FinalProject201;
			productReference = 3FC6CDF0224CA65100D91E2F /* FinalProject201.app */;
			productType = "com.apple.product-type.application";
		};
		3FC6CE03224CA65200D91E2F /* FinalProject201Tests */ = {
			isa = PBXNativeTarget;
			buildConfigurationList = 3FC6CE1B224CA65200D91E2F /* Build configuration list for PBXNativeTarget "FinalProject201Tests" */;
			buildPhases = (
				3FC6CE00224CA65200D91E2F /* Sources */,
				3FC6CE01224CA65200D91E2F /* Frameworks */,
				3FC6CE02224CA65200D91E2F /* Resources */,
			);
			buildRules = (
			);
			dependencies = (
				3FC6CE06224CA65200D91E2F /* PBXTargetDependency */,
			);
			name = FinalProject201Tests;
			productName = FinalProject201Tests;
			productReference = 3FC6CE04224CA65200D91E2F /* FinalProject201Tests.xctest */;
			productType = "com.apple.product-type.bundle.unit-test";
		};
		3FC6CE0E224CA65200D91E2F /* FinalProject201UITests */ = {
			isa = PBXNativeTarget;
			buildConfigurationList = 3FC6CE1E224CA65200D91E2F /* Build configuration list for PBXNativeTarget "FinalProject201UITests" */;
			buildPhases = (
				3FC6CE0B224CA65200D91E2F /* Sources */,
				3FC6CE0C224CA65200D91E2F /* Frameworks */,
				3FC6CE0D224CA65200D91E2F /* Resources */,
			);
			buildRules = (
			);
			dependencies = (
				3FC6CE11224CA65200D91E2F /* PBXTargetDependency */,
			);
			name = FinalProject201UITests;
			productName = FinalProject201UITests;
			productReference = 3FC6CE0F224CA65200D91E2F /* FinalProject201UITests.xctest */;
			productType = "com.apple.product-type.bundle.ui-testing";
		};
/* End PBXNativeTarget section */

/* Begin PBXProject section */
		3FC6CDE8224CA65100D91E2F /* Project object */ = {
			isa = PBXProject;
			attributes = {
				LastSwiftUpdateCheck = 1010;
				LastUpgradeCheck = 1010;
				ORGANIZATIONNAME = Student;
				TargetAttributes = {
					3FC6CDEF224CA65100D91E2F = {
						CreatedOnToolsVersion = 10.1;
					};
					3FC6CE03224CA65200D91E2F = {
						CreatedOnToolsVersion = 10.1;
						TestTargetID = 3FC6CDEF224CA65100D91E2F;
					};
					3FC6CE0E224CA65200D91E2F = {
						CreatedOnToolsVersion = 10.1;
						TestTargetID = 3FC6CDEF224CA65100D91E2F;
					};
				};
			};
			buildConfigurationList = 3FC6CDEB224CA65100D91E2F /* Build configuration list for PBXProject "FinalProject201" */;
			compatibilityVersion = "Xcode 9.3";
			developmentRegion = en;
			hasScannedForEncodings = 0;
			knownRegions = (
				en,
				Base,
			);
			mainGroup = 3FC6CDE7224CA65100D91E2F;
			productRefGroup = 3FC6CDF1224CA65100D91E2F /* Products */;
			projectDirPath = "";
			projectRoot = "";
			targets = (
				3FC6CDEF224CA65100D91E2F /* FinalProject201 */,
				3FC6CE03224CA65200D91E2F /* FinalProject201Tests */,
				3FC6CE0E224CA65200D91E2F /* FinalProject201UITests */,
			);
		};
/* End PBXProject section */

/* Begin PBXResourcesBuildPhase section */
		3FC6CDEE224CA65100D91E2F /* Resources */ = {
			isa = PBXResourcesBuildPhase;
			buildActionMask = 2147483647;
			files = (
				3FC6CDFE224CA65200D91E2F /* LaunchScreen.storyboard in Resources */,
				3FC6CDFB224CA65200D91E2F /* Assets.xcassets in Resources */,
				3FC6CDF9224CA65100D91E2F /* Main.storyboard in Resources */,
			);
			runOnlyForDeploymentPostprocessing = 0;
		};
		3FC6CE02224CA65200D91E2F /* Resources */ = {
			isa = PBXResourcesBuildPhase;
			buildActionMask = 2147483647;
			files = (
			);
			runOnlyForDeploymentPostprocessing = 0;
		};
		3FC6CE0D224CA65200D91E2F /* Resources */ = {
			isa = PBXResourcesBuildPhase;
			buildActionMask = 2147483647;
			files = (
			);
			runOnlyForDeploymentPostprocessing = 0;
		};
/* End PBXResourcesBuildPhase section */

/* Begin PBXSourcesBuildPhase section */
		3FC6CDEC224CA65100D91E2F /* Sources */ = {
			isa = PBXSourcesBuildPhase;
			buildActionMask = 2147483647;
			files = (
				3FC6CDF6224CA65100D91E2F /* ViewController.swift in Sources */,
				3FC6CE22224DABAE00D91E2F /* DestinationViewController.swift in Sources */,
				3FC6CE28224EF28400D91E2F /* ActivitiesViewController.swift in Sources */,
				3FC6CE30224EF2B700D91E2F /* InviteFriendsTableViewController.swift in Sources */,
				3FC6CDF4224CA65100D91E2F /* AppDelegate.swift in Sources */,
				3FC6CE34224EF2D400D91E2F /* ChooseTripTableViewController.swift in Sources */,
				3FC6CE3F224F239200D91E2F /* TripPreferences.swift in Sources */,
				3FC6CE2C224EF29600D91E2F /* DateViewController.swift in Sources */,
				3FC6CE24224EF25E00D91E2F /* BudgetViewController.swift in Sources */,
			);
			runOnlyForDeploymentPostprocessing = 0;
		};
		3FC6CE00224CA65200D91E2F /* Sources */ = {
			isa = PBXSourcesBuildPhase;
			buildActionMask = 2147483647;
			files = (
				3FC6CE2D224EF29600D91E2F /* DateViewController.swift in Sources */,
				3FC6CE40224F239200D91E2F /* TripPreferences.swift in Sources */,
				3FC6CE09224CA65200D91E2F /* FinalProject201Tests.swift in Sources */,
				3FC6CE29224EF28400D91E2F /* ActivitiesViewController.swift in Sources */,
				3FC6CE35224EF2D400D91E2F /* ChooseTripTableViewController.swift in Sources */,
				3FC6CE31224EF2B700D91E2F /* InviteFriendsTableViewController.swift in Sources */,
				3FC6CE25224EF25E00D91E2F /* BudgetViewController.swift in Sources */,
			);
			runOnlyForDeploymentPostprocessing = 0;
		};
		3FC6CE0B224CA65200D91E2F /* Sources */ = {
			isa = PBXSourcesBuildPhase;
			buildActionMask = 2147483647;
			files = (
				3FC6CE2E224EF29600D91E2F /* DateViewController.swift in Sources */,
				3FC6CE14224CA65200D91E2F /* FinalProject201UITests.swift in Sources */,
				3FC6CE2A224EF28400D91E2F /* ActivitiesViewController.swift in Sources */,
				3FC6CE36224EF2D400D91E2F /* ChooseTripTableViewController.swift in Sources */,
				3FC6CE32224EF2B700D91E2F /* InviteFriendsTableViewController.swift in Sources */,
				3FC6CE26224EF25E00D91E2F /* BudgetViewController.swift in Sources */,
			);
			runOnlyForDeploymentPostprocessing = 0;
		};
/* End PBXSourcesBuildPhase section */

/* Begin PBXTargetDependency section */
		3FC6CE06224CA65200D91E2F /* PBXTargetDependency */ = {
			isa = PBXTargetDependency;
			target = 3FC6CDEF224CA65100D91E2F /* FinalProject201 */;
			targetProxy = 3FC6CE05224CA65200D91E2F /* PBXContainerItemProxy */;
		};
		3FC6CE11224CA65200D91E2F /* PBXTargetDependency */ = {
			isa = PBXTargetDependency;
			target = 3FC6CDEF224CA65100D91E2F /* FinalProject201 */;
			targetProxy = 3FC6CE10224CA65200D91E2F /* PBXContainerItemProxy */;
		};
/* End PBXTargetDependency section */

/* Begin PBXVariantGroup section */
		3FC6CDF7224CA65100D91E2F /* Main.storyboard */ = {
			isa = PBXVariantGroup;
			children = (
				3FC6CDF8224CA65100D91E2F /* Base */,
			);
			name = Main.storyboard;
			sourceTree = "<group>";
		};
		3FC6CDFC224CA65200D91E2F /* LaunchScreen.storyboard */ = {
			isa = PBXVariantGroup;
			children = (
				3FC6CDFD224CA65200D91E2F /* Base */,
			);
			name = LaunchScreen.storyboard;
			sourceTree = "<group>";
		};
/* End PBXVariantGroup section */

/* Begin XCBuildConfiguration section */
		3FC6CE16224CA65200D91E2F /* Debug */ = {
			isa = XCBuildConfiguration;
			buildSettings = {
				ALWAYS_SEARCH_USER_PATHS = NO;
				CLANG_ANALYZER_NONNULL = YES;
				CLANG_ANALYZER_NUMBER_OBJECT_CONVERSION = YES_AGGRESSIVE;
				CLANG_CXX_LANGUAGE_STANDARD = "gnu++14";
				CLANG_CXX_LIBRARY = "libc++";
				CLANG_ENABLE_MODULES = YES;
				CLANG_ENABLE_OBJC_ARC = YES;
				CLANG_ENABLE_OBJC_WEAK = YES;
				CLANG_WARN_BLOCK_CAPTURE_AUTORELEASING = YES;
				CLANG_WARN_BOOL_CONVERSION = YES;
				CLANG_WARN_COMMA = YES;
				CLANG_WARN_CONSTANT_CONVERSION = YES;
				CLANG_WARN_DEPRECATED_OBJC_IMPLEMENTATIONS = YES;
				CLANG_WARN_DIRECT_OBJC_ISA_USAGE = YES_ERROR;
				CLANG_WARN_DOCUMENTATION_COMMENTS = YES;
				CLANG_WARN_EMPTY_BODY = YES;
				CLANG_WARN_ENUM_CONVERSION = YES;
				CLANG_WARN_INFINITE_RECURSION = YES;
				CLANG_WARN_INT_CONVERSION = YES;
				CLANG_WARN_NON_LITERAL_NULL_CONVERSION = YES;
				CLANG_WARN_OBJC_IMPLICIT_RETAIN_SELF = YES;
				CLANG_WARN_OBJC_LITERAL_CONVERSION = YES;
				CLANG_WARN_OBJC_ROOT_CLASS = YES_ERROR;
				CLANG_WARN_RANGE_LOOP_ANALYSIS = YES;
				CLANG_WARN_STRICT_PROTOTYPES = YES;
				CLANG_WARN_SUSPICIOUS_MOVE = YES;
				CLANG_WARN_UNGUARDED_AVAILABILITY = YES_AGGRESSIVE;
				CLANG_WARN_UNREACHABLE_CODE = YES;
				CLANG_WARN__DUPLICATE_METHOD_MATCH = YES;
				CODE_SIGN_IDENTITY = "iPhone Developer";
				COPY_PHASE_STRIP = NO;
				DEBUG_INFORMATION_FORMAT = dwarf;
				ENABLE_STRICT_OBJC_MSGSEND = YES;
				ENABLE_TESTABILITY = YES;
				GCC_C_LANGUAGE_STANDARD = gnu11;
				GCC_DYNAMIC_NO_PIC = NO;
				GCC_NO_COMMON_BLOCKS = YES;
				GCC_OPTIMIZATION_LEVEL = 0;
				GCC_PREPROCESSOR_DEFINITIONS = (
					"DEBUG=1",
					"$(inherited)",
				);
				GCC_WARN_64_TO_32_BIT_CONVERSION = YES;
				GCC_WARN_ABOUT_RETURN_TYPE = YES_ERROR;
				GCC_WARN_UNDECLARED_SELECTOR = YES;
				GCC_WARN_UNINITIALIZED_AUTOS = YES_AGGRESSIVE;
				GCC_WARN_UNUSED_FUNCTION = YES;
				GCC_WARN_UNUSED_VARIABLE = YES;
				IPHONEOS_DEPLOYMENT_TARGET = 12.1;
				MTL_ENABLE_DEBUG_INFO = INCLUDE_SOURCE;
				MTL_FAST_MATH = YES;
				ONLY_ACTIVE_ARCH = YES;
				SDKROOT = iphoneos;
				SWIFT_ACTIVE_COMPILATION_CONDITIONS = DEBUG;
				SWIFT_OPTIMIZATION_LEVEL = "-Onone";
			};
			name = Debug;
		};
		3FC6CE17224CA65200D91E2F /* Release */ = {
			isa = XCBuildConfiguration;
			buildSettings = {
				ALWAYS_SEARCH_USER_PATHS = NO;
				CLANG_ANALYZER_NONNULL = YES;
				CLANG_ANALYZER_NUMBER_OBJECT_CONVERSION = YES_AGGRESSIVE;
				CLANG_CXX_LANGUAGE_STANDARD = "gnu++14";
				CLANG_CXX_LIBRARY = "libc++";
				CLANG_ENABLE_MODULES = YES;
				CLANG_ENABLE_OBJC_ARC = YES;
				CLANG_ENABLE_OBJC_WEAK = YES;
				CLANG_WARN_BLOCK_CAPTURE_AUTORELEASING = YES;
				CLANG_WARN_BOOL_CONVERSION = YES;
				CLANG_WARN_COMMA = YES;
				CLANG_WARN_CONSTANT_CONVERSION = YES;
				CLANG_WARN_DEPRECATED_OBJC_IMPLEMENTATIONS = YES;
				CLANG_WARN_DIRECT_OBJC_ISA_USAGE = YES_ERROR;
				CLANG_WARN_DOCUMENTATION_COMMENTS = YES;
				CLANG_WARN_EMPTY_BODY = YES;
				CLANG_WARN_ENUM_CONVERSION = YES;
				CLANG_WARN_INFINITE_RECURSION = YES;
				CLANG_WARN_INT_CONVERSION = YES;
				CLANG_WARN_NON_LITERAL_NULL_CONVERSION = YES;
				CLANG_WARN_OBJC_IMPLICIT_RETAIN_SELF = YES;
				CLANG_WARN_OBJC_LITERAL_CONVERSION = YES;
				CLANG_WARN_OBJC_ROOT_CLASS = YES_ERROR;
				CLANG_WARN_RANGE_LOOP_ANALYSIS = YES;
				CLANG_WARN_STRICT_PROTOTYPES = YES;
				CLANG_WARN_SUSPICIOUS_MOVE = YES;
				CLANG_WARN_UNGUARDED_AVAILABILITY = YES_AGGRESSIVE;
				CLANG_WARN_UNREACHABLE_CODE = YES;
				CLANG_WARN__DUPLICATE_METHOD_MATCH = YES;
				CODE_SIGN_IDENTITY = "iPhone Developer";
				COPY_PHASE_STRIP = NO;
				DEBUG_INFORMATION_FORMAT = "dwarf-with-dsym";
				ENABLE_NS_ASSERTIONS = NO;
				ENABLE_STRICT_OBJC_MSGSEND = YES;
				GCC_C_LANGUAGE_STANDARD = gnu11;
				GCC_NO_COMMON_BLOCKS = YES;
				GCC_WARN_64_TO_32_BIT_CONVERSION = YES;
				GCC_WARN_ABOUT_RETURN_TYPE = YES_ERROR;
				GCC_WARN_UNDECLARED_SELECTOR = YES;
				GCC_WARN_UNINITIALIZED_AUTOS = YES_AGGRESSIVE;
				GCC_WARN_UNUSED_FUNCTION = YES;
				GCC_WARN_UNUSED_VARIABLE = YES;
				IPHONEOS_DEPLOYMENT_TARGET = 12.1;
				MTL_ENABLE_DEBUG_INFO = NO;
				MTL_FAST_MATH = YES;
				SDKROOT = iphoneos;
				SWIFT_COMPILATION_MODE = wholemodule;
				SWIFT_OPTIMIZATION_LEVEL = "-O";
				VALIDATE_PRODUCT = YES;
			};
			name = Release;
		};
		3FC6CE19224CA65200D91E2F /* Debug */ = {
			isa = XCBuildConfiguration;
			buildSettings = {
				ASSETCATALOG_COMPILER_APPICON_NAME = AppIcon;
				CODE_SIGN_STYLE = Automatic;
				INFOPLIST_FILE = FinalProject201/Info.plist;
				LD_RUNPATH_SEARCH_PATHS = (
					"$(inherited)",
					"@executable_path/Frameworks",
				);
				PRODUCT_BUNDLE_IDENTIFIER = test.FinalProject201;
				PRODUCT_NAME = "$(TARGET_NAME)";
				SWIFT_VERSION = 4.2;
				TARGETED_DEVICE_FAMILY = "1,2";
			};
			name = Debug;
		};
		3FC6CE1A224CA65200D91E2F /* Release */ = {
			isa = XCBuildConfiguration;
			buildSettings = {
				ASSETCATALOG_COMPILER_APPICON_NAME = AppIcon;
				CODE_SIGN_STYLE = Automatic;
				INFOPLIST_FILE = FinalProject201/Info.plist;
				LD_RUNPATH_SEARCH_PATHS = (
					"$(inherited)",
					"@executable_path/Frameworks",
				);
				PRODUCT_BUNDLE_IDENTIFIER = test.FinalProject201;
				PRODUCT_NAME = "$(TARGET_NAME)";
				SWIFT_VERSION = 4.2;
				TARGETED_DEVICE_FAMILY = "1,2";
			};
			name = Release;
		};
		3FC6CE1C224CA65200D91E2F /* Debug */ = {
			isa = XCBuildConfiguration;
			buildSettings = {
				ALWAYS_EMBED_SWIFT_STANDARD_LIBRARIES = YES;
				BUNDLE_LOADER = "$(TEST_HOST)";
				CODE_SIGN_STYLE = Automatic;
				INFOPLIST_FILE = FinalProject201Tests/Info.plist;
				LD_RUNPATH_SEARCH_PATHS = (
					"$(inherited)",
					"@executable_path/Frameworks",
					"@loader_path/Frameworks",
				);
				PRODUCT_BUNDLE_IDENTIFIER = test.FinalProject201Tests;
				PRODUCT_NAME = "$(TARGET_NAME)";
				SWIFT_VERSION = 4.2;
				TARGETED_DEVICE_FAMILY = "1,2";
				TEST_HOST = "$(BUILT_PRODUCTS_DIR)/FinalProject201.app/FinalProject201";
			};
			name = Debug;
		};
		3FC6CE1D224CA65200D91E2F /* Release */ = {
			isa = XCBuildConfiguration;
			buildSettings = {
				ALWAYS_EMBED_SWIFT_STANDARD_LIBRARIES = YES;
				BUNDLE_LOADER = "$(TEST_HOST)";
				CODE_SIGN_STYLE = Automatic;
				INFOPLIST_FILE = FinalProject201Tests/Info.plist;
				LD_RUNPATH_SEARCH_PATHS = (
					"$(inherited)",
					"@executable_path/Frameworks",
					"@loader_path/Frameworks",
				);
				PRODUCT_BUNDLE_IDENTIFIER = test.FinalProject201Tests;
				PRODUCT_NAME = "$(TARGET_NAME)";
				SWIFT_VERSION = 4.2;
				TARGETED_DEVICE_FAMILY = "1,2";
				TEST_HOST = "$(BUILT_PRODUCTS_DIR)/FinalProject201.app/FinalProject201";
			};
			name = Release;
		};
		3FC6CE1F224CA65200D91E2F /* Debug */ = {
			isa = XCBuildConfiguration;
			buildSettings = {
				ALWAYS_EMBED_SWIFT_STANDARD_LIBRARIES = YES;
				CODE_SIGN_STYLE = Automatic;
				INFOPLIST_FILE = FinalProject201UITests/Info.plist;
				LD_RUNPATH_SEARCH_PATHS = (
					"$(inherited)",
					"@executable_path/Frameworks",
					"@loader_path/Frameworks",
				);
				PRODUCT_BUNDLE_IDENTIFIER = test.FinalProject201UITests;
				PRODUCT_NAME = "$(TARGET_NAME)";
				SWIFT_VERSION = 4.2;
				TARGETED_DEVICE_FAMILY = "1,2";
				TEST_TARGET_NAME = FinalProject201;
			};
			name = Debug;
		};
		3FC6CE20224CA65200D91E2F /* Release */ = {
			isa = XCBuildConfiguration;
			buildSettings = {
				ALWAYS_EMBED_SWIFT_STANDARD_LIBRARIES = YES;
				CODE_SIGN_STYLE = Automatic;
				INFOPLIST_FILE = FinalProject201UITests/Info.plist;
				LD_RUNPATH_SEARCH_PATHS = (
					"$(inherited)",
					"@executable_path/Frameworks",
					"@loader_path/Frameworks",
				);
				PRODUCT_BUNDLE_IDENTIFIER = test.FinalProject201UITests;
				PRODUCT_NAME = "$(TARGET_NAME)";
				SWIFT_VERSION = 4.2;
				TARGETED_DEVICE_FAMILY = "1,2";
				TEST_TARGET_NAME = FinalProject201;
			};
			name = Release;
		};
/* End XCBuildConfiguration section */

/* Begin XCConfigurationList section */
		3FC6CDEB224CA65100D91E2F /* Build configuration list for PBXProject "FinalProject201" */ = {
			isa = XCConfigurationList;
			buildConfigurations = (
				3FC6CE16224CA65200D91E2F /* Debug */,
				3FC6CE17224CA65200D91E2F /* Release */,
			);
			defaultConfigurationIsVisible = 0;
			defaultConfigurationName = Release;
		};
		3FC6CE18224CA65200D91E2F /* Build configuration list for PBXNativeTarget "FinalProject201" */ = {
			isa = XCConfigurationList;
			buildConfigurations = (
				3FC6CE19224CA65200D91E2F /* Debug */,
				3FC6CE1A224CA65200D91E2F /* Release */,
			);
			defaultConfigurationIsVisible = 0;
			defaultConfigurationName = Release;
		};
		3FC6CE1B224CA65200D91E2F /* Build configuration list for PBXNativeTarget "FinalProject201Tests" */ = {
			isa = XCConfigurationList;
			buildConfigurations = (
				3FC6CE1C224CA65200D91E2F /* Debug */,
				3FC6CE1D224CA65200D91E2F /* Release */,
			);
			defaultConfigurationIsVisible = 0;
			defaultConfigurationName = Release;
		};
		3FC6CE1E224CA65200D91E2F /* Build configuration list for PBXNativeTarget "FinalProject201UITests" */ = {
			isa = XCConfigurationList;
			buildConfigurations = (
				3FC6CE1F224CA65200D91E2F /* Debug */,
				3FC6CE20224CA65200D91E2F /* Release */,
			);
			defaultConfigurationIsVisible = 0;
			defaultConfigurationName = Release;
		};
/* End XCConfigurationList section */
	};
	rootObject = 3FC6CDE8224CA65100D91E2F /* Project object */;
}
